
Microsoft Visual Studio Solution File, Format Version 12.00
# Visual Studio 15
VisualStudioVersion = 15.0.28307.271
MinimumVisualStudioVersion = 10.0.40219.1
Project("{9A19103F-16F7-4668-BE54-9A1E7A4F7556}") = "CKli", "CKli\CKli.csproj", "{21EE2C7F-2467-4929-B0E8-18B4D6E4F2CF}"
EndProject
Project("{2150E333-8FDC-42A3-9474-1A3956D46DE8}") = "Solution Items", "Solution Items", "{ED8B158D-9126-4936-89A0-CF887F5AB966}"
	ProjectSection(SolutionItems) = preProject
		.editorconfig = .editorconfig
		.gitignore = .gitignore
		A1Test.World.xml = A1Test.World.xml
		A2Test.World.xml = A2Test.World.xml
		A2TestPrivate.World.xml = A2TestPrivate.World.xml
		ENGIE.World.xml = ENGIE.World.xml
		ENGIE[refactoring].World.xml = ENGIE[refactoring].World.xml
		LocalWorldRootPathMapping.txt = LocalWorldRootPathMapping.txt
		nuget.config = nuget.config
		SC.World.xml = SC.World.xml
		Common\SharedKey.snk = Common\SharedKey.snk
	EndProjectSection
EndProject
Project("{9A19103F-16F7-4668-BE54-9A1E7A4F7556}") = "CK.Env.FileSystem", "CK.Env.FileSystem\CK.Env.FileSystem.csproj", "{3B5B07A0-8847-4087-AEF6-D068640E0EE3}"
EndProject
Project("{2150E333-8FDC-42A3-9474-1A3956D46DE8}") = "Tests", "Tests", "{83CC9529-9A6D-46E5-BBE5-A1C5C6C35B7C}"
	ProjectSection(SolutionItems) = preProject
		TestHelper.config = TestHelper.config
	EndProjectSection
EndProject
Project("{9A19103F-16F7-4668-BE54-9A1E7A4F7556}") = "CK.Env.Tests", "Tests\CK.Env.Tests\CK.Env.Tests.csproj", "{A2F34930-E314-4ED1-8EC5-4FB932835B08}"
EndProject
Project("{9A19103F-16F7-4668-BE54-9A1E7A4F7556}") = "CK.Env.XTyping", "CK.Env.XTyping\CK.Env.XTyping.csproj", "{06A5A730-C435-45AB-999C-CDC382445739}"
EndProject
Project("{9A19103F-16F7-4668-BE54-9A1E7A4F7556}") = "CK.Env.MSBuildSln.Tests", "Tests\CK.Env.MSBuildSln.Tests\CK.Env.MSBuildSln.Tests.csproj", "{49349794-CE5E-468D-BAA1-726D59F21F64}"
EndProject
Project("{9A19103F-16F7-4668-BE54-9A1E7A4F7556}") = "CK.Xml.Linq.Extension", "CK.Xml.Linq.Extension\CK.Xml.Linq.Extension.csproj", "{6778C7DC-9331-4802-99F2-80EC41D6CE70}"
EndProject
Project("{9A19103F-16F7-4668-BE54-9A1E7A4F7556}") = "CK.SimpleKeyVault", "CK.SimpleKeyVault\CK.SimpleKeyVault.csproj", "{91162FB0-062D-4C6C-BDD2-6324C54F4382}"
EndProject
Project("{9A19103F-16F7-4668-BE54-9A1E7A4F7556}") = "CK.SimpleKeyVault.Tests", "Tests\CK.SimpleKeyVault.Tests\CK.SimpleKeyVault.Tests.csproj", "{4F976531-326D-4458-8727-F6ACB7CCB9FD}"
EndProject
Project("{9A19103F-16F7-4668-BE54-9A1E7A4F7556}") = "CK.Env.World", "CK.Env.World\CK.Env.World.csproj", "{69F5FC76-F45F-45EB-AA4A-199435D5453D}"
EndProject
Project("{9A19103F-16F7-4668-BE54-9A1E7A4F7556}") = "CK.Env.Command", "CK.Env.Command\CK.Env.Command.csproj", "{3D6459DB-218B-46C6-9D19-550E62D87A4D}"
EndProject
Project("{9A19103F-16F7-4668-BE54-9A1E7A4F7556}") = "CK.Xml.Linq.Extension.Tests", "Tests\CK.Xml.Linq.Extension.Tests\CK.Xml.Linq.Extension.Tests.csproj", "{D886832F-7FC3-424E-B85F-7427DA304896}"
EndProject
Project("{9A19103F-16F7-4668-BE54-9A1E7A4F7556}") = "CK.Env.Plugin.Appveyor", "CK.Env.Plugin.Appveyor\CK.Env.Plugin.Appveyor.csproj", "{8446F2F2-1C84-44A2-BB79-1BF064312CA6}"
EndProject
Project("{9A19103F-16F7-4668-BE54-9A1E7A4F7556}") = "CK.Env.Plugin.Basics", "CK.Env.Plugin.Basics\CK.Env.Plugin.Basics.csproj", "{C162156D-AA8F-4592-A31E-1D3BC66F050E}"
EndProject
Project("{9A19103F-16F7-4668-BE54-9A1E7A4F7556}") = "CK.Env.Artifact", "CK.Env.Artifact\CK.Env.Artifact.csproj", "{722E1459-AF6C-41BF-AFCB-7878F33E0CF5}"
EndProject
Project("{9A19103F-16F7-4668-BE54-9A1E7A4F7556}") = "CK.Env.Plugin.CKSetup", "CK.Env.Plugin.CKSetup\CK.Env.Plugin.CKSetup.csproj", "{73F50D14-C21A-476B-B150-6BFC962F862F}"
EndProject
Project("{9A19103F-16F7-4668-BE54-9A1E7A4F7556}") = "CK.Env.SolutionSpec", "CK.Env.SolutionSpec\CK.Env.SolutionSpec.csproj", "{ADBC3160-6149-4F73-AAF0-07636E8E83A5}"
EndProject
Project("{9A19103F-16F7-4668-BE54-9A1E7A4F7556}") = "CK.Env.Sys", "CK.Env.Sys\CK.Env.Sys.csproj", "{DB371EAB-DEAE-4532-9C40-90B6F82F10CE}"
EndProject
Project("{9A19103F-16F7-4668-BE54-9A1E7A4F7556}") = "CK.Env.Plugin.GitLab", "CK.Env.Plugin.GitLab\CK.Env.Plugin.GitLab.csproj", "{1BD159BE-E582-4B58-A3FE-3CE8298EDC46}"
EndProject
Project("{9A19103F-16F7-4668-BE54-9A1E7A4F7556}") = "CK.Env.Plugin.NPM", "CK.Env.Plugin.NPM\CK.Env.Plugin.NPM.csproj", "{37F6F284-C220-4E99-BD9E-7985E41FCEBF}"
EndProject
Project("{9A19103F-16F7-4668-BE54-9A1E7A4F7556}") = "CodeCakeBuilder", "CodeCakeBuilder\CodeCakeBuilder.csproj", "{370AB245-9A08-48B0-AD43-74661EECB54D}"
EndProject
Project("{9A19103F-16F7-4668-BE54-9A1E7A4F7556}") = "CK.Env.DependencyModel", "CK.Env.DependencyModel\CK.Env.DependencyModel.csproj", "{A8F9C82B-83A9-4039-8C34-6A3DBBF792E6}"
EndProject
Project("{9A19103F-16F7-4668-BE54-9A1E7A4F7556}") = "CK.Env.DependencyModel.Tests", "Tests\CK.Env.DependencyModel.Tests\CK.Env.DependencyModel.Tests.csproj", "{8B5CF461-7D41-4BFD-AC5B-B46CA295B38B}"
EndProject
Project("{9A19103F-16F7-4668-BE54-9A1E7A4F7556}") = "CK.Env.MSBuildSln", "CK.Env.MSBuildSln\CK.Env.MSBuildSln.csproj", "{C7F4C7A4-35C4-4E38-B102-0DD3F480780C}"
EndProject
Project("{9A19103F-16F7-4668-BE54-9A1E7A4F7556}") = "CK.Env.Plugin.SolutionDriver", "CK.Env.Plugin.SolutionDriver\CK.Env.Plugin.SolutionDriver.csproj", "{C260F99F-92CB-463B-8797-632BAB700BAB}"
EndProject
Project("{9A19103F-16F7-4668-BE54-9A1E7A4F7556}") = "CK.Env.Plugin.NuGet", "CK.Env.Plugin.NuGet\CK.Env.Plugin.NuGet.csproj", "{3EC8F673-3DB7-439B-8760-8C44C9410190}"
EndProject
Project("{9A19103F-16F7-4668-BE54-9A1E7A4F7556}") = "CK.Env.Artifact.NuGet", "CK.Env.Artifact.NuGet\CK.Env.Artifact.NuGet.csproj", "{EE57B61B-EE50-4400-9959-7B41ADB27430}"
EndProject
Project("{9A19103F-16F7-4668-BE54-9A1E7A4F7556}") = "Npm.Net.Tests", "Tests\Npm.Net.Tests\Npm.Net.Tests.csproj", "{3A9F2DC4-65AE-4DD1-9E68-298AA4451718}"
EndProject
Project("{9A19103F-16F7-4668-BE54-9A1E7A4F7556}") = "CK.Artifact.Model", "CK.Artifact.Model\CK.Artifact.Model.csproj", "{20706B63-81A3-466B-9B12-5E5EB3C0696F}"
EndProject
Project("{9A19103F-16F7-4668-BE54-9A1E7A4F7556}") = "CK.Env.Plugin.Dotnet", "CK.Env.Plugin.Dotnet\CK.Env.Plugin.Dotnet.csproj", "{777AC8E9-32CE-4B63-8606-6C9D8B531E88}"
EndProject
Project("{9A19103F-16F7-4668-BE54-9A1E7A4F7556}") = "CK.Env.World.Host", "CK.Env.World.Host\CK.Env.World.Host.csproj", "{DF602093-45CC-48F6-987C-D567F1E8763B}"
EndProject
Global
	GlobalSection(SolutionConfigurationPlatforms) = preSolution
		Debug|Any CPU = Debug|Any CPU
		Debug|x64 = Debug|x64
		Release|Any CPU = Release|Any CPU
		Release|x64 = Release|x64
	EndGlobalSection
	GlobalSection(ProjectConfigurationPlatforms) = postSolution
		{21EE2C7F-2467-4929-B0E8-18B4D6E4F2CF}.Debug|Any CPU.ActiveCfg = Debug|Any CPU
		{21EE2C7F-2467-4929-B0E8-18B4D6E4F2CF}.Debug|Any CPU.Build.0 = Debug|Any CPU
		{21EE2C7F-2467-4929-B0E8-18B4D6E4F2CF}.Debug|x64.ActiveCfg = Debug|x64
		{21EE2C7F-2467-4929-B0E8-18B4D6E4F2CF}.Debug|x64.Build.0 = Debug|x64
		{21EE2C7F-2467-4929-B0E8-18B4D6E4F2CF}.Release|Any CPU.ActiveCfg = Release|Any CPU
		{21EE2C7F-2467-4929-B0E8-18B4D6E4F2CF}.Release|Any CPU.Build.0 = Release|Any CPU
		{21EE2C7F-2467-4929-B0E8-18B4D6E4F2CF}.Release|x64.ActiveCfg = Release|x64
		{21EE2C7F-2467-4929-B0E8-18B4D6E4F2CF}.Release|x64.Build.0 = Release|x64
		{3B5B07A0-8847-4087-AEF6-D068640E0EE3}.Debug|Any CPU.ActiveCfg = Debug|Any CPU
		{3B5B07A0-8847-4087-AEF6-D068640E0EE3}.Debug|Any CPU.Build.0 = Debug|Any CPU
		{3B5B07A0-8847-4087-AEF6-D068640E0EE3}.Debug|x64.ActiveCfg = Debug|Any CPU
		{3B5B07A0-8847-4087-AEF6-D068640E0EE3}.Debug|x64.Build.0 = Debug|Any CPU
		{3B5B07A0-8847-4087-AEF6-D068640E0EE3}.Release|Any CPU.ActiveCfg = Release|Any CPU
		{3B5B07A0-8847-4087-AEF6-D068640E0EE3}.Release|Any CPU.Build.0 = Release|Any CPU
		{3B5B07A0-8847-4087-AEF6-D068640E0EE3}.Release|x64.ActiveCfg = Release|Any CPU
		{3B5B07A0-8847-4087-AEF6-D068640E0EE3}.Release|x64.Build.0 = Release|Any CPU
		{A2F34930-E314-4ED1-8EC5-4FB932835B08}.Debug|Any CPU.ActiveCfg = Debug|Any CPU
		{A2F34930-E314-4ED1-8EC5-4FB932835B08}.Debug|Any CPU.Build.0 = Debug|Any CPU
		{A2F34930-E314-4ED1-8EC5-4FB932835B08}.Debug|x64.ActiveCfg = Debug|Any CPU
		{A2F34930-E314-4ED1-8EC5-4FB932835B08}.Debug|x64.Build.0 = Debug|Any CPU
		{A2F34930-E314-4ED1-8EC5-4FB932835B08}.Release|Any CPU.ActiveCfg = Release|Any CPU
		{A2F34930-E314-4ED1-8EC5-4FB932835B08}.Release|Any CPU.Build.0 = Release|Any CPU
		{A2F34930-E314-4ED1-8EC5-4FB932835B08}.Release|x64.ActiveCfg = Release|Any CPU
		{A2F34930-E314-4ED1-8EC5-4FB932835B08}.Release|x64.Build.0 = Release|Any CPU
		{06A5A730-C435-45AB-999C-CDC382445739}.Debug|Any CPU.ActiveCfg = Debug|Any CPU
		{06A5A730-C435-45AB-999C-CDC382445739}.Debug|Any CPU.Build.0 = Debug|Any CPU
		{06A5A730-C435-45AB-999C-CDC382445739}.Debug|x64.ActiveCfg = Debug|Any CPU
		{06A5A730-C435-45AB-999C-CDC382445739}.Debug|x64.Build.0 = Debug|Any CPU
		{06A5A730-C435-45AB-999C-CDC382445739}.Release|Any CPU.ActiveCfg = Release|Any CPU
		{06A5A730-C435-45AB-999C-CDC382445739}.Release|Any CPU.Build.0 = Release|Any CPU
		{06A5A730-C435-45AB-999C-CDC382445739}.Release|x64.ActiveCfg = Release|Any CPU
		{06A5A730-C435-45AB-999C-CDC382445739}.Release|x64.Build.0 = Release|Any CPU
		{49349794-CE5E-468D-BAA1-726D59F21F64}.Debug|Any CPU.ActiveCfg = Debug|Any CPU
		{49349794-CE5E-468D-BAA1-726D59F21F64}.Debug|Any CPU.Build.0 = Debug|Any CPU
		{49349794-CE5E-468D-BAA1-726D59F21F64}.Debug|x64.ActiveCfg = Debug|Any CPU
		{49349794-CE5E-468D-BAA1-726D59F21F64}.Debug|x64.Build.0 = Debug|Any CPU
		{49349794-CE5E-468D-BAA1-726D59F21F64}.Release|Any CPU.ActiveCfg = Release|Any CPU
		{49349794-CE5E-468D-BAA1-726D59F21F64}.Release|Any CPU.Build.0 = Release|Any CPU
		{49349794-CE5E-468D-BAA1-726D59F21F64}.Release|x64.ActiveCfg = Release|Any CPU
		{49349794-CE5E-468D-BAA1-726D59F21F64}.Release|x64.Build.0 = Release|Any CPU
		{6778C7DC-9331-4802-99F2-80EC41D6CE70}.Debug|Any CPU.ActiveCfg = Debug|Any CPU
		{6778C7DC-9331-4802-99F2-80EC41D6CE70}.Debug|Any CPU.Build.0 = Debug|Any CPU
		{6778C7DC-9331-4802-99F2-80EC41D6CE70}.Debug|x64.ActiveCfg = Debug|Any CPU
		{6778C7DC-9331-4802-99F2-80EC41D6CE70}.Debug|x64.Build.0 = Debug|Any CPU
		{6778C7DC-9331-4802-99F2-80EC41D6CE70}.Release|Any CPU.ActiveCfg = Release|Any CPU
		{6778C7DC-9331-4802-99F2-80EC41D6CE70}.Release|Any CPU.Build.0 = Release|Any CPU
		{6778C7DC-9331-4802-99F2-80EC41D6CE70}.Release|x64.ActiveCfg = Release|Any CPU
		{6778C7DC-9331-4802-99F2-80EC41D6CE70}.Release|x64.Build.0 = Release|Any CPU
		{91162FB0-062D-4C6C-BDD2-6324C54F4382}.Debug|Any CPU.ActiveCfg = Debug|Any CPU
		{91162FB0-062D-4C6C-BDD2-6324C54F4382}.Debug|Any CPU.Build.0 = Debug|Any CPU
		{91162FB0-062D-4C6C-BDD2-6324C54F4382}.Debug|x64.ActiveCfg = Debug|Any CPU
		{91162FB0-062D-4C6C-BDD2-6324C54F4382}.Debug|x64.Build.0 = Debug|Any CPU
		{91162FB0-062D-4C6C-BDD2-6324C54F4382}.Release|Any CPU.ActiveCfg = Release|Any CPU
		{91162FB0-062D-4C6C-BDD2-6324C54F4382}.Release|Any CPU.Build.0 = Release|Any CPU
		{91162FB0-062D-4C6C-BDD2-6324C54F4382}.Release|x64.ActiveCfg = Release|Any CPU
		{91162FB0-062D-4C6C-BDD2-6324C54F4382}.Release|x64.Build.0 = Release|Any CPU
		{4F976531-326D-4458-8727-F6ACB7CCB9FD}.Debug|Any CPU.ActiveCfg = Debug|Any CPU
		{4F976531-326D-4458-8727-F6ACB7CCB9FD}.Debug|Any CPU.Build.0 = Debug|Any CPU
		{4F976531-326D-4458-8727-F6ACB7CCB9FD}.Debug|x64.ActiveCfg = Debug|Any CPU
		{4F976531-326D-4458-8727-F6ACB7CCB9FD}.Debug|x64.Build.0 = Debug|Any CPU
		{4F976531-326D-4458-8727-F6ACB7CCB9FD}.Release|Any CPU.ActiveCfg = Release|Any CPU
		{4F976531-326D-4458-8727-F6ACB7CCB9FD}.Release|Any CPU.Build.0 = Release|Any CPU
		{4F976531-326D-4458-8727-F6ACB7CCB9FD}.Release|x64.ActiveCfg = Release|Any CPU
		{4F976531-326D-4458-8727-F6ACB7CCB9FD}.Release|x64.Build.0 = Release|Any CPU
		{69F5FC76-F45F-45EB-AA4A-199435D5453D}.Debug|Any CPU.ActiveCfg = Debug|Any CPU
		{69F5FC76-F45F-45EB-AA4A-199435D5453D}.Debug|Any CPU.Build.0 = Debug|Any CPU
		{69F5FC76-F45F-45EB-AA4A-199435D5453D}.Debug|x64.ActiveCfg = Debug|Any CPU
		{69F5FC76-F45F-45EB-AA4A-199435D5453D}.Debug|x64.Build.0 = Debug|Any CPU
		{69F5FC76-F45F-45EB-AA4A-199435D5453D}.Release|Any CPU.ActiveCfg = Release|Any CPU
		{69F5FC76-F45F-45EB-AA4A-199435D5453D}.Release|Any CPU.Build.0 = Release|Any CPU
		{69F5FC76-F45F-45EB-AA4A-199435D5453D}.Release|x64.ActiveCfg = Release|Any CPU
		{69F5FC76-F45F-45EB-AA4A-199435D5453D}.Release|x64.Build.0 = Release|Any CPU
		{3D6459DB-218B-46C6-9D19-550E62D87A4D}.Debug|Any CPU.ActiveCfg = Debug|Any CPU
		{3D6459DB-218B-46C6-9D19-550E62D87A4D}.Debug|Any CPU.Build.0 = Debug|Any CPU
		{3D6459DB-218B-46C6-9D19-550E62D87A4D}.Debug|x64.ActiveCfg = Debug|Any CPU
		{3D6459DB-218B-46C6-9D19-550E62D87A4D}.Debug|x64.Build.0 = Debug|Any CPU
		{3D6459DB-218B-46C6-9D19-550E62D87A4D}.Release|Any CPU.ActiveCfg = Release|Any CPU
		{3D6459DB-218B-46C6-9D19-550E62D87A4D}.Release|Any CPU.Build.0 = Release|Any CPU
		{3D6459DB-218B-46C6-9D19-550E62D87A4D}.Release|x64.ActiveCfg = Release|Any CPU
		{3D6459DB-218B-46C6-9D19-550E62D87A4D}.Release|x64.Build.0 = Release|Any CPU
		{D886832F-7FC3-424E-B85F-7427DA304896}.Debug|Any CPU.ActiveCfg = Debug|Any CPU
		{D886832F-7FC3-424E-B85F-7427DA304896}.Debug|Any CPU.Build.0 = Debug|Any CPU
		{D886832F-7FC3-424E-B85F-7427DA304896}.Debug|x64.ActiveCfg = Debug|Any CPU
		{D886832F-7FC3-424E-B85F-7427DA304896}.Debug|x64.Build.0 = Debug|Any CPU
		{D886832F-7FC3-424E-B85F-7427DA304896}.Release|Any CPU.ActiveCfg = Release|Any CPU
		{D886832F-7FC3-424E-B85F-7427DA304896}.Release|Any CPU.Build.0 = Release|Any CPU
		{D886832F-7FC3-424E-B85F-7427DA304896}.Release|x64.ActiveCfg = Release|Any CPU
		{D886832F-7FC3-424E-B85F-7427DA304896}.Release|x64.Build.0 = Release|Any CPU
		{8446F2F2-1C84-44A2-BB79-1BF064312CA6}.Debug|Any CPU.ActiveCfg = Debug|Any CPU
		{8446F2F2-1C84-44A2-BB79-1BF064312CA6}.Debug|Any CPU.Build.0 = Debug|Any CPU
		{8446F2F2-1C84-44A2-BB79-1BF064312CA6}.Debug|x64.ActiveCfg = Debug|Any CPU
		{8446F2F2-1C84-44A2-BB79-1BF064312CA6}.Debug|x64.Build.0 = Debug|Any CPU
		{8446F2F2-1C84-44A2-BB79-1BF064312CA6}.Release|Any CPU.ActiveCfg = Release|Any CPU
		{8446F2F2-1C84-44A2-BB79-1BF064312CA6}.Release|Any CPU.Build.0 = Release|Any CPU
		{8446F2F2-1C84-44A2-BB79-1BF064312CA6}.Release|x64.ActiveCfg = Release|Any CPU
		{8446F2F2-1C84-44A2-BB79-1BF064312CA6}.Release|x64.Build.0 = Release|Any CPU
		{C162156D-AA8F-4592-A31E-1D3BC66F050E}.Debug|Any CPU.ActiveCfg = Debug|Any CPU
		{C162156D-AA8F-4592-A31E-1D3BC66F050E}.Debug|Any CPU.Build.0 = Debug|Any CPU
		{C162156D-AA8F-4592-A31E-1D3BC66F050E}.Debug|x64.ActiveCfg = Debug|Any CPU
		{C162156D-AA8F-4592-A31E-1D3BC66F050E}.Debug|x64.Build.0 = Debug|Any CPU
		{C162156D-AA8F-4592-A31E-1D3BC66F050E}.Release|Any CPU.ActiveCfg = Release|Any CPU
		{C162156D-AA8F-4592-A31E-1D3BC66F050E}.Release|Any CPU.Build.0 = Release|Any CPU
		{C162156D-AA8F-4592-A31E-1D3BC66F050E}.Release|x64.ActiveCfg = Release|Any CPU
		{C162156D-AA8F-4592-A31E-1D3BC66F050E}.Release|x64.Build.0 = Release|Any CPU
		{722E1459-AF6C-41BF-AFCB-7878F33E0CF5}.Debug|Any CPU.ActiveCfg = Debug|Any CPU
		{722E1459-AF6C-41BF-AFCB-7878F33E0CF5}.Debug|Any CPU.Build.0 = Debug|Any CPU
		{722E1459-AF6C-41BF-AFCB-7878F33E0CF5}.Debug|x64.ActiveCfg = Debug|Any CPU
		{722E1459-AF6C-41BF-AFCB-7878F33E0CF5}.Debug|x64.Build.0 = Debug|Any CPU
		{722E1459-AF6C-41BF-AFCB-7878F33E0CF5}.Release|Any CPU.ActiveCfg = Release|Any CPU
		{722E1459-AF6C-41BF-AFCB-7878F33E0CF5}.Release|Any CPU.Build.0 = Release|Any CPU
		{722E1459-AF6C-41BF-AFCB-7878F33E0CF5}.Release|x64.ActiveCfg = Release|Any CPU
		{722E1459-AF6C-41BF-AFCB-7878F33E0CF5}.Release|x64.Build.0 = Release|Any CPU
		{73F50D14-C21A-476B-B150-6BFC962F862F}.Debug|Any CPU.ActiveCfg = Debug|Any CPU
		{73F50D14-C21A-476B-B150-6BFC962F862F}.Debug|Any CPU.Build.0 = Debug|Any CPU
		{73F50D14-C21A-476B-B150-6BFC962F862F}.Debug|x64.ActiveCfg = Debug|Any CPU
		{73F50D14-C21A-476B-B150-6BFC962F862F}.Debug|x64.Build.0 = Debug|Any CPU
		{73F50D14-C21A-476B-B150-6BFC962F862F}.Release|Any CPU.ActiveCfg = Release|Any CPU
		{73F50D14-C21A-476B-B150-6BFC962F862F}.Release|Any CPU.Build.0 = Release|Any CPU
		{73F50D14-C21A-476B-B150-6BFC962F862F}.Release|x64.ActiveCfg = Release|Any CPU
		{73F50D14-C21A-476B-B150-6BFC962F862F}.Release|x64.Build.0 = Release|Any CPU
		{ADBC3160-6149-4F73-AAF0-07636E8E83A5}.Debug|Any CPU.ActiveCfg = Debug|Any CPU
		{ADBC3160-6149-4F73-AAF0-07636E8E83A5}.Debug|Any CPU.Build.0 = Debug|Any CPU
		{ADBC3160-6149-4F73-AAF0-07636E8E83A5}.Debug|x64.ActiveCfg = Debug|Any CPU
		{ADBC3160-6149-4F73-AAF0-07636E8E83A5}.Debug|x64.Build.0 = Debug|Any CPU
		{ADBC3160-6149-4F73-AAF0-07636E8E83A5}.Release|Any CPU.ActiveCfg = Release|Any CPU
		{ADBC3160-6149-4F73-AAF0-07636E8E83A5}.Release|Any CPU.Build.0 = Release|Any CPU
		{ADBC3160-6149-4F73-AAF0-07636E8E83A5}.Release|x64.ActiveCfg = Release|Any CPU
		{ADBC3160-6149-4F73-AAF0-07636E8E83A5}.Release|x64.Build.0 = Release|Any CPU
		{DB371EAB-DEAE-4532-9C40-90B6F82F10CE}.Debug|Any CPU.ActiveCfg = Debug|Any CPU
		{DB371EAB-DEAE-4532-9C40-90B6F82F10CE}.Debug|Any CPU.Build.0 = Debug|Any CPU
		{DB371EAB-DEAE-4532-9C40-90B6F82F10CE}.Debug|x64.ActiveCfg = Debug|Any CPU
		{DB371EAB-DEAE-4532-9C40-90B6F82F10CE}.Debug|x64.Build.0 = Debug|Any CPU
		{DB371EAB-DEAE-4532-9C40-90B6F82F10CE}.Release|Any CPU.ActiveCfg = Release|Any CPU
		{DB371EAB-DEAE-4532-9C40-90B6F82F10CE}.Release|Any CPU.Build.0 = Release|Any CPU
		{DB371EAB-DEAE-4532-9C40-90B6F82F10CE}.Release|x64.ActiveCfg = Release|Any CPU
		{DB371EAB-DEAE-4532-9C40-90B6F82F10CE}.Release|x64.Build.0 = Release|Any CPU
		{1BD159BE-E582-4B58-A3FE-3CE8298EDC46}.Debug|Any CPU.ActiveCfg = Debug|Any CPU
		{1BD159BE-E582-4B58-A3FE-3CE8298EDC46}.Debug|Any CPU.Build.0 = Debug|Any CPU
		{1BD159BE-E582-4B58-A3FE-3CE8298EDC46}.Debug|x64.ActiveCfg = Debug|Any CPU
		{1BD159BE-E582-4B58-A3FE-3CE8298EDC46}.Debug|x64.Build.0 = Debug|Any CPU
		{1BD159BE-E582-4B58-A3FE-3CE8298EDC46}.Release|Any CPU.ActiveCfg = Release|Any CPU
		{1BD159BE-E582-4B58-A3FE-3CE8298EDC46}.Release|Any CPU.Build.0 = Release|Any CPU
		{1BD159BE-E582-4B58-A3FE-3CE8298EDC46}.Release|x64.ActiveCfg = Release|Any CPU
		{1BD159BE-E582-4B58-A3FE-3CE8298EDC46}.Release|x64.Build.0 = Release|Any CPU
		{37F6F284-C220-4E99-BD9E-7985E41FCEBF}.Debug|Any CPU.ActiveCfg = Debug|Any CPU
		{37F6F284-C220-4E99-BD9E-7985E41FCEBF}.Debug|Any CPU.Build.0 = Debug|Any CPU
		{37F6F284-C220-4E99-BD9E-7985E41FCEBF}.Debug|x64.ActiveCfg = Debug|Any CPU
		{37F6F284-C220-4E99-BD9E-7985E41FCEBF}.Debug|x64.Build.0 = Debug|Any CPU
		{37F6F284-C220-4E99-BD9E-7985E41FCEBF}.Release|Any CPU.ActiveCfg = Release|Any CPU
		{37F6F284-C220-4E99-BD9E-7985E41FCEBF}.Release|Any CPU.Build.0 = Release|Any CPU
		{37F6F284-C220-4E99-BD9E-7985E41FCEBF}.Release|x64.ActiveCfg = Release|Any CPU
		{37F6F284-C220-4E99-BD9E-7985E41FCEBF}.Release|x64.Build.0 = Release|Any CPU
		{370AB245-9A08-48B0-AD43-74661EECB54D}.Debug|Any CPU.ActiveCfg = Debug|Any CPU
		{370AB245-9A08-48B0-AD43-74661EECB54D}.Debug|Any CPU.Build.0 = Debug|Any CPU
		{370AB245-9A08-48B0-AD43-74661EECB54D}.Debug|x64.ActiveCfg = Debug|Any CPU
		{370AB245-9A08-48B0-AD43-74661EECB54D}.Debug|x64.Build.0 = Debug|Any CPU
		{370AB245-9A08-48B0-AD43-74661EECB54D}.Release|Any CPU.ActiveCfg = Release|Any CPU
		{370AB245-9A08-48B0-AD43-74661EECB54D}.Release|Any CPU.Build.0 = Release|Any CPU
		{370AB245-9A08-48B0-AD43-74661EECB54D}.Release|x64.ActiveCfg = Release|Any CPU
		{370AB245-9A08-48B0-AD43-74661EECB54D}.Release|x64.Build.0 = Release|Any CPU
		{A8F9C82B-83A9-4039-8C34-6A3DBBF792E6}.Debug|Any CPU.ActiveCfg = Debug|Any CPU
		{A8F9C82B-83A9-4039-8C34-6A3DBBF792E6}.Debug|Any CPU.Build.0 = Debug|Any CPU
		{A8F9C82B-83A9-4039-8C34-6A3DBBF792E6}.Debug|x64.ActiveCfg = Debug|Any CPU
		{A8F9C82B-83A9-4039-8C34-6A3DBBF792E6}.Debug|x64.Build.0 = Debug|Any CPU
		{A8F9C82B-83A9-4039-8C34-6A3DBBF792E6}.Release|Any CPU.ActiveCfg = Release|Any CPU
		{A8F9C82B-83A9-4039-8C34-6A3DBBF792E6}.Release|Any CPU.Build.0 = Release|Any CPU
		{A8F9C82B-83A9-4039-8C34-6A3DBBF792E6}.Release|x64.ActiveCfg = Release|Any CPU
		{A8F9C82B-83A9-4039-8C34-6A3DBBF792E6}.Release|x64.Build.0 = Release|Any CPU
		{8B5CF461-7D41-4BFD-AC5B-B46CA295B38B}.Debug|Any CPU.ActiveCfg = Debug|Any CPU
		{8B5CF461-7D41-4BFD-AC5B-B46CA295B38B}.Debug|Any CPU.Build.0 = Debug|Any CPU
		{8B5CF461-7D41-4BFD-AC5B-B46CA295B38B}.Debug|x64.ActiveCfg = Debug|Any CPU
		{8B5CF461-7D41-4BFD-AC5B-B46CA295B38B}.Debug|x64.Build.0 = Debug|Any CPU
		{8B5CF461-7D41-4BFD-AC5B-B46CA295B38B}.Release|Any CPU.ActiveCfg = Release|Any CPU
		{8B5CF461-7D41-4BFD-AC5B-B46CA295B38B}.Release|Any CPU.Build.0 = Release|Any CPU
		{8B5CF461-7D41-4BFD-AC5B-B46CA295B38B}.Release|x64.ActiveCfg = Release|Any CPU
		{8B5CF461-7D41-4BFD-AC5B-B46CA295B38B}.Release|x64.Build.0 = Release|Any CPU
		{C7F4C7A4-35C4-4E38-B102-0DD3F480780C}.Debug|Any CPU.ActiveCfg = Debug|Any CPU
		{C7F4C7A4-35C4-4E38-B102-0DD3F480780C}.Debug|Any CPU.Build.0 = Debug|Any CPU
		{C7F4C7A4-35C4-4E38-B102-0DD3F480780C}.Debug|x64.ActiveCfg = Debug|Any CPU
		{C7F4C7A4-35C4-4E38-B102-0DD3F480780C}.Debug|x64.Build.0 = Debug|Any CPU
		{C7F4C7A4-35C4-4E38-B102-0DD3F480780C}.Release|Any CPU.ActiveCfg = Release|Any CPU
		{C7F4C7A4-35C4-4E38-B102-0DD3F480780C}.Release|Any CPU.Build.0 = Release|Any CPU
		{C7F4C7A4-35C4-4E38-B102-0DD3F480780C}.Release|x64.ActiveCfg = Release|Any CPU
		{C7F4C7A4-35C4-4E38-B102-0DD3F480780C}.Release|x64.Build.0 = Release|Any CPU
		{C260F99F-92CB-463B-8797-632BAB700BAB}.Debug|Any CPU.ActiveCfg = Debug|Any CPU
		{C260F99F-92CB-463B-8797-632BAB700BAB}.Debug|Any CPU.Build.0 = Debug|Any CPU
		{C260F99F-92CB-463B-8797-632BAB700BAB}.Debug|x64.ActiveCfg = Debug|Any CPU
		{C260F99F-92CB-463B-8797-632BAB700BAB}.Debug|x64.Build.0 = Debug|Any CPU
		{C260F99F-92CB-463B-8797-632BAB700BAB}.Release|Any CPU.ActiveCfg = Release|Any CPU
		{C260F99F-92CB-463B-8797-632BAB700BAB}.Release|Any CPU.Build.0 = Release|Any CPU
		{C260F99F-92CB-463B-8797-632BAB700BAB}.Release|x64.ActiveCfg = Release|Any CPU
		{C260F99F-92CB-463B-8797-632BAB700BAB}.Release|x64.Build.0 = Release|Any CPU
		{3EC8F673-3DB7-439B-8760-8C44C9410190}.Debug|Any CPU.ActiveCfg = Debug|Any CPU
		{3EC8F673-3DB7-439B-8760-8C44C9410190}.Debug|Any CPU.Build.0 = Debug|Any CPU
		{3EC8F673-3DB7-439B-8760-8C44C9410190}.Debug|x64.ActiveCfg = Debug|Any CPU
		{3EC8F673-3DB7-439B-8760-8C44C9410190}.Debug|x64.Build.0 = Debug|Any CPU
		{3EC8F673-3DB7-439B-8760-8C44C9410190}.Release|Any CPU.ActiveCfg = Release|Any CPU
		{3EC8F673-3DB7-439B-8760-8C44C9410190}.Release|Any CPU.Build.0 = Release|Any CPU
		{3EC8F673-3DB7-439B-8760-8C44C9410190}.Release|x64.ActiveCfg = Release|Any CPU
		{3EC8F673-3DB7-439B-8760-8C44C9410190}.Release|x64.Build.0 = Release|Any CPU
		{EE57B61B-EE50-4400-9959-7B41ADB27430}.Debug|Any CPU.ActiveCfg = Debug|Any CPU
		{EE57B61B-EE50-4400-9959-7B41ADB27430}.Debug|Any CPU.Build.0 = Debug|Any CPU
		{EE57B61B-EE50-4400-9959-7B41ADB27430}.Debug|x64.ActiveCfg = Debug|Any CPU
		{EE57B61B-EE50-4400-9959-7B41ADB27430}.Debug|x64.Build.0 = Debug|Any CPU
		{EE57B61B-EE50-4400-9959-7B41ADB27430}.Release|Any CPU.ActiveCfg = Release|Any CPU
		{EE57B61B-EE50-4400-9959-7B41ADB27430}.Release|Any CPU.Build.0 = Release|Any CPU
		{EE57B61B-EE50-4400-9959-7B41ADB27430}.Release|x64.ActiveCfg = Release|Any CPU
		{EE57B61B-EE50-4400-9959-7B41ADB27430}.Release|x64.Build.0 = Release|Any CPU
		{3A9F2DC4-65AE-4DD1-9E68-298AA4451718}.Debug|Any CPU.ActiveCfg = Debug|Any CPU
		{3A9F2DC4-65AE-4DD1-9E68-298AA4451718}.Debug|Any CPU.Build.0 = Debug|Any CPU
		{3A9F2DC4-65AE-4DD1-9E68-298AA4451718}.Debug|x64.ActiveCfg = Debug|Any CPU
		{3A9F2DC4-65AE-4DD1-9E68-298AA4451718}.Debug|x64.Build.0 = Debug|Any CPU
		{3A9F2DC4-65AE-4DD1-9E68-298AA4451718}.Release|Any CPU.ActiveCfg = Release|Any CPU
		{3A9F2DC4-65AE-4DD1-9E68-298AA4451718}.Release|Any CPU.Build.0 = Release|Any CPU
		{3A9F2DC4-65AE-4DD1-9E68-298AA4451718}.Release|x64.ActiveCfg = Release|Any CPU
		{3A9F2DC4-65AE-4DD1-9E68-298AA4451718}.Release|x64.Build.0 = Release|Any CPU
		{20706B63-81A3-466B-9B12-5E5EB3C0696F}.Debug|Any CPU.ActiveCfg = Debug|Any CPU
		{20706B63-81A3-466B-9B12-5E5EB3C0696F}.Debug|Any CPU.Build.0 = Debug|Any CPU
		{20706B63-81A3-466B-9B12-5E5EB3C0696F}.Debug|x64.ActiveCfg = Debug|Any CPU
		{20706B63-81A3-466B-9B12-5E5EB3C0696F}.Debug|x64.Build.0 = Debug|Any CPU
		{20706B63-81A3-466B-9B12-5E5EB3C0696F}.Release|Any CPU.ActiveCfg = Release|Any CPU
		{20706B63-81A3-466B-9B12-5E5EB3C0696F}.Release|Any CPU.Build.0 = Release|Any CPU
		{20706B63-81A3-466B-9B12-5E5EB3C0696F}.Release|x64.ActiveCfg = Release|Any CPU
		{20706B63-81A3-466B-9B12-5E5EB3C0696F}.Release|x64.Build.0 = Release|Any CPU
		{777AC8E9-32CE-4B63-8606-6C9D8B531E88}.Debug|Any CPU.ActiveCfg = Debug|Any CPU
		{777AC8E9-32CE-4B63-8606-6C9D8B531E88}.Debug|Any CPU.Build.0 = Debug|Any CPU
		{777AC8E9-32CE-4B63-8606-6C9D8B531E88}.Debug|x64.ActiveCfg = Debug|Any CPU
		{777AC8E9-32CE-4B63-8606-6C9D8B531E88}.Debug|x64.Build.0 = Debug|Any CPU
		{777AC8E9-32CE-4B63-8606-6C9D8B531E88}.Release|Any CPU.ActiveCfg = Release|Any CPU
		{777AC8E9-32CE-4B63-8606-6C9D8B531E88}.Release|Any CPU.Build.0 = Release|Any CPU
		{777AC8E9-32CE-4B63-8606-6C9D8B531E88}.Release|x64.ActiveCfg = Release|Any CPU
		{777AC8E9-32CE-4B63-8606-6C9D8B531E88}.Release|x64.Build.0 = Release|Any CPU
		{DF602093-45CC-48F6-987C-D567F1E8763B}.Debug|Any CPU.ActiveCfg = Debug|Any CPU
		{DF602093-45CC-48F6-987C-D567F1E8763B}.Debug|Any CPU.Build.0 = Debug|Any CPU
		{DF602093-45CC-48F6-987C-D567F1E8763B}.Debug|x64.ActiveCfg = Debug|Any CPU
		{DF602093-45CC-48F6-987C-D567F1E8763B}.Debug|x64.Build.0 = Debug|Any CPU
		{DF602093-45CC-48F6-987C-D567F1E8763B}.Release|Any CPU.ActiveCfg = Release|Any CPU
		{DF602093-45CC-48F6-987C-D567F1E8763B}.Release|Any CPU.Build.0 = Release|Any CPU
		{DF602093-45CC-48F6-987C-D567F1E8763B}.Release|x64.ActiveCfg = Release|Any CPU
		{DF602093-45CC-48F6-987C-D567F1E8763B}.Release|x64.Build.0 = Release|Any CPU
	EndGlobalSection
	GlobalSection(SolutionProperties) = preSolution
		HideSolutionNode = FALSE
	EndGlobalSection
	GlobalSection(NestedProjects) = preSolution
		{A2F34930-E314-4ED1-8EC5-4FB932835B08} = {83CC9529-9A6D-46E5-BBE5-A1C5C6C35B7C}
		{49349794-CE5E-468D-BAA1-726D59F21F64} = {83CC9529-9A6D-46E5-BBE5-A1C5C6C35B7C}
		{4F976531-326D-4458-8727-F6ACB7CCB9FD} = {83CC9529-9A6D-46E5-BBE5-A1C5C6C35B7C}
		{D886832F-7FC3-424E-B85F-7427DA304896} = {83CC9529-9A6D-46E5-BBE5-A1C5C6C35B7C}
		{8B5CF461-7D41-4BFD-AC5B-B46CA295B38B} = {83CC9529-9A6D-46E5-BBE5-A1C5C6C35B7C}
		{3A9F2DC4-65AE-4DD1-9E68-298AA4451718} = {83CC9529-9A6D-46E5-BBE5-A1C5C6C35B7C}
	EndGlobalSection
	GlobalSection(ExtensibilityGlobals) = postSolution
		SolutionGuid = {44AF4FE0-7386-4FB4-B966-0107DAE25DC4}
	EndGlobalSection
EndGlobal
