
Microsoft Visual Studio Solution File, Format Version 12.00
# Visual Studio 15
VisualStudioVersion = 15.0.27130.2027
MinimumVisualStudioVersion = 10.0.40219.1
Project("{9A19103F-16F7-4668-BE54-9A1E7A4F7556}") = "CKli", "CKli\CKli.csproj", "{21EE2C7F-2467-4929-B0E8-18B4D6E4F2CF}"
EndProject
Project("{2150E333-8FDC-42A3-9474-1A3956D46DE8}") = "Solution Items", "Solution Items", "{ED8B158D-9126-4936-89A0-CF887F5AB966}"
	ProjectSection(SolutionItems) = preProject
		CK-World-State.xml = CK-World-State.xml
		CK-World.xml = CK-World.xml
		nuget.config = nuget.config
		Signature-World.xml = Signature-World.xml
	EndProjectSection
EndProject
Project("{9A19103F-16F7-4668-BE54-9A1E7A4F7556}") = "CK.Env.FileSystem", "CK.Env.FileSystem\CK.Env.FileSystem.csproj", "{3B5B07A0-8847-4087-AEF6-D068640E0EE3}"
EndProject
Project("{2150E333-8FDC-42A3-9474-1A3956D46DE8}") = "Tests", "Tests", "{83CC9529-9A6D-46E5-BBE5-A1C5C6C35B7C}"
EndProject
Project("{9A19103F-16F7-4668-BE54-9A1E7A4F7556}") = "CK.Env.Tests", "Tests\CK.Env.Tests\CK.Env.Tests.csproj", "{A2F34930-E314-4ED1-8EC5-4FB932835B08}"
EndProject
Project("{9A19103F-16F7-4668-BE54-9A1E7A4F7556}") = "CodeCakeBuilder", "CodeCakeBuilder\CodeCakeBuilder.csproj", "{FD4817B6-3CD7-4E74-AA10-7CA95FDFCF2D}"
EndProject
Project("{9A19103F-16F7-4668-BE54-9A1E7A4F7556}") = "CK.Env.XTyping", "CK.Env.XTyping\CK.Env.XTyping.csproj", "{06A5A730-C435-45AB-999C-CDC382445739}"
EndProject
Project("{9A19103F-16F7-4668-BE54-9A1E7A4F7556}") = "CK.Env.MSBuild", "CK.Env.MSBuild\CK.Env.MSBuild.csproj", "{AC05468B-369F-4D66-AD22-59B22BD16E49}"
EndProject
Project("{9A19103F-16F7-4668-BE54-9A1E7A4F7556}") = "CK.Env.MSBuild.Tests", "Tests\CK.Env.MSBuild.Tests\CK.Env.MSBuild.Tests.csproj", "{49349794-CE5E-468D-BAA1-726D59F21F64}"
EndProject
Project("{9A19103F-16F7-4668-BE54-9A1E7A4F7556}") = "CK.NuGetClient", "CK.NuGetClient\CK.NuGetClient.csproj", "{D581E3F6-C9AE-4C74-B373-C0B803524DC9}"
EndProject
Project("{9A19103F-16F7-4668-BE54-9A1E7A4F7556}") = "CK.Env.Core", "CK.Env.Core\CK.Env.Core.csproj", "{113CD757-7762-4D78-AB61-309CF2C0289F}"
EndProject
Project("{9A19103F-16F7-4668-BE54-9A1E7A4F7556}") = "CK.NuGetClient.Abstraction", "CK.NuGetClient.Abstraction\CK.NuGetClient.Abstraction.csproj", "{004D69E1-868E-4BA7-B3CA-F8D46EF8E0D2}"
EndProject
Project("{9A19103F-16F7-4668-BE54-9A1E7A4F7556}") = "CK.Xml.Linq.Extension", "CK.Xml.Linq.Extension\CK.Xml.Linq.Extension.csproj", "{6778C7DC-9331-4802-99F2-80EC41D6CE70}"
EndProject
Project("{9A19103F-16F7-4668-BE54-9A1E7A4F7556}") = "CK.SimpleKeyVault", "CK.SimpleKeyVault\CK.SimpleKeyVault.csproj", "{91162FB0-062D-4C6C-BDD2-6324C54F4382}"
EndProject
Project("{9A19103F-16F7-4668-BE54-9A1E7A4F7556}") = "CK.SimpleKeyVault.Tests", "Tests\CK.SimpleKeyVault.Tests\CK.SimpleKeyVault.Tests.csproj", "{4F976531-326D-4458-8727-F6ACB7CCB9FD}"
EndProject
Project("{9A19103F-16F7-4668-BE54-9A1E7A4F7556}") = "CK.Env.World.Abstraction", "CK.Env.World.Abstraction\CK.Env.World.Abstraction.csproj", "{69F5FC76-F45F-45EB-AA4A-199435D5453D}"
EndProject
Global
	GlobalSection(SolutionConfigurationPlatforms) = preSolution
		Debug|Any CPU = Debug|Any CPU
		Release|Any CPU = Release|Any CPU
	EndGlobalSection
	GlobalSection(ProjectConfigurationPlatforms) = postSolution
		{21EE2C7F-2467-4929-B0E8-18B4D6E4F2CF}.Debug|Any CPU.ActiveCfg = Debug|Any CPU
		{21EE2C7F-2467-4929-B0E8-18B4D6E4F2CF}.Debug|Any CPU.Build.0 = Debug|Any CPU
		{21EE2C7F-2467-4929-B0E8-18B4D6E4F2CF}.Release|Any CPU.ActiveCfg = Release|Any CPU
		{21EE2C7F-2467-4929-B0E8-18B4D6E4F2CF}.Release|Any CPU.Build.0 = Release|Any CPU
		{3B5B07A0-8847-4087-AEF6-D068640E0EE3}.Debug|Any CPU.ActiveCfg = Debug|Any CPU
		{3B5B07A0-8847-4087-AEF6-D068640E0EE3}.Debug|Any CPU.Build.0 = Debug|Any CPU
		{3B5B07A0-8847-4087-AEF6-D068640E0EE3}.Release|Any CPU.ActiveCfg = Release|Any CPU
		{3B5B07A0-8847-4087-AEF6-D068640E0EE3}.Release|Any CPU.Build.0 = Release|Any CPU
		{A2F34930-E314-4ED1-8EC5-4FB932835B08}.Debug|Any CPU.ActiveCfg = Debug|Any CPU
		{A2F34930-E314-4ED1-8EC5-4FB932835B08}.Debug|Any CPU.Build.0 = Debug|Any CPU
		{A2F34930-E314-4ED1-8EC5-4FB932835B08}.Release|Any CPU.ActiveCfg = Release|Any CPU
		{A2F34930-E314-4ED1-8EC5-4FB932835B08}.Release|Any CPU.Build.0 = Release|Any CPU
		{FD4817B6-3CD7-4E74-AA10-7CA95FDFCF2D}.Debug|Any CPU.ActiveCfg = Debug|Any CPU
		{FD4817B6-3CD7-4E74-AA10-7CA95FDFCF2D}.Debug|Any CPU.Build.0 = Debug|Any CPU
		{FD4817B6-3CD7-4E74-AA10-7CA95FDFCF2D}.Release|Any CPU.ActiveCfg = Release|Any CPU
		{FD4817B6-3CD7-4E74-AA10-7CA95FDFCF2D}.Release|Any CPU.Build.0 = Release|Any CPU
		{06A5A730-C435-45AB-999C-CDC382445739}.Debug|Any CPU.ActiveCfg = Debug|Any CPU
		{06A5A730-C435-45AB-999C-CDC382445739}.Debug|Any CPU.Build.0 = Debug|Any CPU
		{06A5A730-C435-45AB-999C-CDC382445739}.Release|Any CPU.ActiveCfg = Release|Any CPU
		{06A5A730-C435-45AB-999C-CDC382445739}.Release|Any CPU.Build.0 = Release|Any CPU
		{AC05468B-369F-4D66-AD22-59B22BD16E49}.Debug|Any CPU.ActiveCfg = Debug|Any CPU
		{AC05468B-369F-4D66-AD22-59B22BD16E49}.Debug|Any CPU.Build.0 = Debug|Any CPU
		{AC05468B-369F-4D66-AD22-59B22BD16E49}.Release|Any CPU.ActiveCfg = Release|Any CPU
		{AC05468B-369F-4D66-AD22-59B22BD16E49}.Release|Any CPU.Build.0 = Release|Any CPU
		{49349794-CE5E-468D-BAA1-726D59F21F64}.Debug|Any CPU.ActiveCfg = Debug|Any CPU
		{49349794-CE5E-468D-BAA1-726D59F21F64}.Debug|Any CPU.Build.0 = Debug|Any CPU
		{49349794-CE5E-468D-BAA1-726D59F21F64}.Release|Any CPU.ActiveCfg = Release|Any CPU
		{49349794-CE5E-468D-BAA1-726D59F21F64}.Release|Any CPU.Build.0 = Release|Any CPU
		{D581E3F6-C9AE-4C74-B373-C0B803524DC9}.Debug|Any CPU.ActiveCfg = Debug|Any CPU
		{D581E3F6-C9AE-4C74-B373-C0B803524DC9}.Debug|Any CPU.Build.0 = Debug|Any CPU
		{D581E3F6-C9AE-4C74-B373-C0B803524DC9}.Release|Any CPU.ActiveCfg = Release|Any CPU
		{D581E3F6-C9AE-4C74-B373-C0B803524DC9}.Release|Any CPU.Build.0 = Release|Any CPU
		{113CD757-7762-4D78-AB61-309CF2C0289F}.Debug|Any CPU.ActiveCfg = Debug|Any CPU
		{113CD757-7762-4D78-AB61-309CF2C0289F}.Debug|Any CPU.Build.0 = Debug|Any CPU
		{113CD757-7762-4D78-AB61-309CF2C0289F}.Release|Any CPU.ActiveCfg = Release|Any CPU
		{113CD757-7762-4D78-AB61-309CF2C0289F}.Release|Any CPU.Build.0 = Release|Any CPU
		{004D69E1-868E-4BA7-B3CA-F8D46EF8E0D2}.Debug|Any CPU.ActiveCfg = Debug|Any CPU
		{004D69E1-868E-4BA7-B3CA-F8D46EF8E0D2}.Debug|Any CPU.Build.0 = Debug|Any CPU
		{004D69E1-868E-4BA7-B3CA-F8D46EF8E0D2}.Release|Any CPU.ActiveCfg = Release|Any CPU
		{004D69E1-868E-4BA7-B3CA-F8D46EF8E0D2}.Release|Any CPU.Build.0 = Release|Any CPU
		{6778C7DC-9331-4802-99F2-80EC41D6CE70}.Debug|Any CPU.ActiveCfg = Debug|Any CPU
		{6778C7DC-9331-4802-99F2-80EC41D6CE70}.Debug|Any CPU.Build.0 = Debug|Any CPU
		{6778C7DC-9331-4802-99F2-80EC41D6CE70}.Release|Any CPU.ActiveCfg = Release|Any CPU
		{6778C7DC-9331-4802-99F2-80EC41D6CE70}.Release|Any CPU.Build.0 = Release|Any CPU
		{91162FB0-062D-4C6C-BDD2-6324C54F4382}.Debug|Any CPU.ActiveCfg = Debug|Any CPU
		{91162FB0-062D-4C6C-BDD2-6324C54F4382}.Debug|Any CPU.Build.0 = Debug|Any CPU
		{91162FB0-062D-4C6C-BDD2-6324C54F4382}.Release|Any CPU.ActiveCfg = Release|Any CPU
		{91162FB0-062D-4C6C-BDD2-6324C54F4382}.Release|Any CPU.Build.0 = Release|Any CPU
		{4F976531-326D-4458-8727-F6ACB7CCB9FD}.Debug|Any CPU.ActiveCfg = Debug|Any CPU
		{4F976531-326D-4458-8727-F6ACB7CCB9FD}.Debug|Any CPU.Build.0 = Debug|Any CPU
		{4F976531-326D-4458-8727-F6ACB7CCB9FD}.Release|Any CPU.ActiveCfg = Release|Any CPU
		{4F976531-326D-4458-8727-F6ACB7CCB9FD}.Release|Any CPU.Build.0 = Release|Any CPU
		{69F5FC76-F45F-45EB-AA4A-199435D5453D}.Debug|Any CPU.ActiveCfg = Debug|Any CPU
		{69F5FC76-F45F-45EB-AA4A-199435D5453D}.Debug|Any CPU.Build.0 = Debug|Any CPU
		{69F5FC76-F45F-45EB-AA4A-199435D5453D}.Release|Any CPU.ActiveCfg = Release|Any CPU
		{69F5FC76-F45F-45EB-AA4A-199435D5453D}.Release|Any CPU.Build.0 = Release|Any CPU
	EndGlobalSection
	GlobalSection(SolutionProperties) = preSolution
		HideSolutionNode = FALSE
	EndGlobalSection
	GlobalSection(NestedProjects) = preSolution
		{A2F34930-E314-4ED1-8EC5-4FB932835B08} = {83CC9529-9A6D-46E5-BBE5-A1C5C6C35B7C}
		{49349794-CE5E-468D-BAA1-726D59F21F64} = {83CC9529-9A6D-46E5-BBE5-A1C5C6C35B7C}
		{4F976531-326D-4458-8727-F6ACB7CCB9FD} = {83CC9529-9A6D-46E5-BBE5-A1C5C6C35B7C}
	EndGlobalSection
	GlobalSection(ExtensibilityGlobals) = postSolution
		SolutionGuid = {44AF4FE0-7386-4FB4-B966-0107DAE25DC4}
	EndGlobalSection
EndGlobal
