
Microsoft Visual Studio Solution File, Format Version 12.00
# Visual Studio 15
VisualStudioVersion = 15.0.27130.2027
MinimumVisualStudioVersion = 10.0.40219.1
Project("{9A19103F-16F7-4668-BE54-9A1E7A4F7556}") = "CKli", "CKli\CKli.csproj", "{21EE2C7F-2467-4929-B0E8-18B4D6E4F2CF}"
EndProject
Project("{2150E333-8FDC-42A3-9474-1A3956D46DE8}") = "Solution Items", "Solution Items", "{ED8B158D-9126-4936-89A0-CF887F5AB966}"
	ProjectSection(SolutionItems) = preProject
		.editorconfig = .editorconfig
		.gitignore = .gitignore
		A1Test-World.xml = A1Test-World.xml
		A2Test-World.xml = A2Test-World.xml
		CK-World.xml = CK-World.xml
		LocalWorldRootPathMapping.txt = LocalWorldRootPathMapping.txt
		nuget.config = nuget.config
		SC-World.xml = SC-World.xml
		Common\SharedKey.snk = Common\SharedKey.snk
		Signature-World.xml = Signature-World.xml
	EndProjectSection
EndProject
Project("{9A19103F-16F7-4668-BE54-9A1E7A4F7556}") = "CK.Env.FileSystem", "CK.Env.FileSystem\CK.Env.FileSystem.csproj", "{3B5B07A0-8847-4087-AEF6-D068640E0EE3}"
EndProject
Project("{2150E333-8FDC-42A3-9474-1A3956D46DE8}") = "Tests", "Tests", "{83CC9529-9A6D-46E5-BBE5-A1C5C6C35B7C}"
EndProject
Project("{9A19103F-16F7-4668-BE54-9A1E7A4F7556}") = "CK.Env.Tests", "Tests\CK.Env.Tests\CK.Env.Tests.csproj", "{A2F34930-E314-4ED1-8EC5-4FB932835B08}"
EndProject
Project("{9A19103F-16F7-4668-BE54-9A1E7A4F7556}") = "CodeCakeBuilder", "CodeCakeBuilder\CodeCakeBuilder.csproj", "{FD4817B6-3CD7-4E74-AA10-7CA95FDFCF2D}"
EndProject
Project("{9A19103F-16F7-4668-BE54-9A1E7A4F7556}") = "CK.Env.XTyping", "CK.Env.XTyping\CK.Env.XTyping.csproj", "{06A5A730-C435-45AB-999C-CDC382445739}"
EndProject
Project("{9A19103F-16F7-4668-BE54-9A1E7A4F7556}") = "CK.Env.MSBuild", "CK.Env.MSBuild\CK.Env.MSBuild.csproj", "{AC05468B-369F-4D66-AD22-59B22BD16E49}"
EndProject
Project("{9A19103F-16F7-4668-BE54-9A1E7A4F7556}") = "CK.Env.MSBuild.Tests", "Tests\CK.Env.MSBuild.Tests\CK.Env.MSBuild.Tests.csproj", "{49349794-CE5E-468D-BAA1-726D59F21F64}"
EndProject
Project("{9A19103F-16F7-4668-BE54-9A1E7A4F7556}") = "CK.NuGetClient", "CK.NuGetClient\CK.NuGetClient.csproj", "{D581E3F6-C9AE-4C74-B373-C0B803524DC9}"
EndProject
Project("{9A19103F-16F7-4668-BE54-9A1E7A4F7556}") = "CK.NuGetClient.Abstraction", "CK.NuGetClient.Abstraction\CK.NuGetClient.Abstraction.csproj", "{004D69E1-868E-4BA7-B3CA-F8D46EF8E0D2}"
EndProject
Project("{9A19103F-16F7-4668-BE54-9A1E7A4F7556}") = "CK.Xml.Linq.Extension", "CK.Xml.Linq.Extension\CK.Xml.Linq.Extension.csproj", "{6778C7DC-9331-4802-99F2-80EC41D6CE70}"
EndProject
Project("{9A19103F-16F7-4668-BE54-9A1E7A4F7556}") = "CK.SimpleKeyVault", "CK.SimpleKeyVault\CK.SimpleKeyVault.csproj", "{91162FB0-062D-4C6C-BDD2-6324C54F4382}"
EndProject
Project("{9A19103F-16F7-4668-BE54-9A1E7A4F7556}") = "CK.SimpleKeyVault.Tests", "Tests\CK.SimpleKeyVault.Tests\CK.SimpleKeyVault.Tests.csproj", "{4F976531-326D-4458-8727-F6ACB7CCB9FD}"
EndProject
Project("{9A19103F-16F7-4668-BE54-9A1E7A4F7556}") = "CK.Env.World", "CK.Env.World\CK.Env.World.csproj", "{69F5FC76-F45F-45EB-AA4A-199435D5453D}"
EndProject
Project("{9A19103F-16F7-4668-BE54-9A1E7A4F7556}") = "CK.Env.Command", "CK.Env.Command\CK.Env.Command.csproj", "{3D6459DB-218B-46C6-9D19-550E62D87A4D}"
EndProject
Project("{9A19103F-16F7-4668-BE54-9A1E7A4F7556}") = "CK.Xml.Linq.Extension.Tests", "Tests\CK.Xml.Linq.Extension.Tests\CK.Xml.Linq.Extension.Tests.csproj", "{D886832F-7FC3-424E-B85F-7427DA304896}"
EndProject
Project("{9A19103F-16F7-4668-BE54-9A1E7A4F7556}") = "CK.BuildSystem.Appveyor", "CK.BuildSystem.Appveyor\CK.BuildSystem.Appveyor.csproj", "{8446F2F2-1C84-44A2-BB79-1BF064312CA6}"
EndProject
Project("{9A19103F-16F7-4668-BE54-9A1E7A4F7556}") = "CK.Env.Plugins", "CK.Env.Plugins\CK.Env.Plugins.csproj", "{C162156D-AA8F-4592-A31E-1D3BC66F050E}"
EndProject
Project("{9A19103F-16F7-4668-BE54-9A1E7A4F7556}") = "CK.Env.Artifact", "CK.Env.Artifact\CK.Env.Artifact.csproj", "{722E1459-AF6C-41BF-AFCB-7878F33E0CF5}"
EndProject
Project("{9A19103F-16F7-4668-BE54-9A1E7A4F7556}") = "CK.Env.CKSetup", "CK.Env.CKSetup\CK.Env.CKSetup.csproj", "{73F50D14-C21A-476B-B150-6BFC962F862F}"
EndProject
Project("{9A19103F-16F7-4668-BE54-9A1E7A4F7556}") = "CK.Env.SolutionSettings", "CK.Env.SolutionSettings\CK.Env.SolutionSettings.csproj", "{ADBC3160-6149-4F73-AAF0-07636E8E83A5}"
EndProject
Project("{9A19103F-16F7-4668-BE54-9A1E7A4F7556}") = "CK.Env.Sys", "CK.Env.Sys\CK.Env.Sys.csproj", "{DB371EAB-DEAE-4532-9C40-90B6F82F10CE}"
EndProject
Project("{9A19103F-16F7-4668-BE54-9A1E7A4F7556}") = "CK.BuildSystem.GitLab", "CK.BuildSystem.GitLab\CK.BuildSystem.GitLab.csproj", "{1BD159BE-E582-4B58-A3FE-3CE8298EDC46}"
EndProject
Project("{9A19103F-16F7-4668-BE54-9A1E7A4F7556}") = "CK.Env.NPM", "CK.Env.NPM\CK.Env.NPM.csproj", "{37F6F284-C220-4E99-BD9E-7985E41FCEBF}"
EndProject
Project("{9A19103F-16F7-4668-BE54-9A1E7A4F7556}") = "CK.IniFile", "CK.IniFile\CK.IniFile.csproj", "{6E69406A-8767-4085-B5EF-36341D1290A3}"
EndProject
Project("{9A19103F-16F7-4668-BE54-9A1E7A4F7556}") = "CK.NPMClient.Abstraction", "CK.NPMClient.Abstraction\CK.NPMClient.Abstraction.csproj", "{512D088F-9668-482E-A698-22371B972765}"
EndProject
Project("{9A19103F-16F7-4668-BE54-9A1E7A4F7556}") = "CK.NPMClient", "CK.NPMClient\CK.NPMClient.csproj", "{E8B40C94-EEB7-4292-A107-7002F20A70EB}"
EndProject
Global
	GlobalSection(SolutionConfigurationPlatforms) = preSolution
		Debug|Any CPU = Debug|Any CPU
		Release|Any CPU = Release|Any CPU
	EndGlobalSection
	GlobalSection(ProjectConfigurationPlatforms) = postSolution
		{21EE2C7F-2467-4929-B0E8-18B4D6E4F2CF}.Debug|Any CPU.ActiveCfg = Debug|Any CPU
		{21EE2C7F-2467-4929-B0E8-18B4D6E4F2CF}.Debug|Any CPU.Build.0 = Debug|Any CPU
		{21EE2C7F-2467-4929-B0E8-18B4D6E4F2CF}.Release|Any CPU.ActiveCfg = Release|Any CPU
		{21EE2C7F-2467-4929-B0E8-18B4D6E4F2CF}.Release|Any CPU.Build.0 = Release|Any CPU
		{3B5B07A0-8847-4087-AEF6-D068640E0EE3}.Debug|Any CPU.ActiveCfg = Debug|Any CPU
		{3B5B07A0-8847-4087-AEF6-D068640E0EE3}.Debug|Any CPU.Build.0 = Debug|Any CPU
		{3B5B07A0-8847-4087-AEF6-D068640E0EE3}.Release|Any CPU.ActiveCfg = Release|Any CPU
		{3B5B07A0-8847-4087-AEF6-D068640E0EE3}.Release|Any CPU.Build.0 = Release|Any CPU
		{A2F34930-E314-4ED1-8EC5-4FB932835B08}.Debug|Any CPU.ActiveCfg = Debug|Any CPU
		{A2F34930-E314-4ED1-8EC5-4FB932835B08}.Debug|Any CPU.Build.0 = Debug|Any CPU
		{A2F34930-E314-4ED1-8EC5-4FB932835B08}.Release|Any CPU.ActiveCfg = Release|Any CPU
		{A2F34930-E314-4ED1-8EC5-4FB932835B08}.Release|Any CPU.Build.0 = Release|Any CPU
		{FD4817B6-3CD7-4E74-AA10-7CA95FDFCF2D}.Debug|Any CPU.ActiveCfg = Debug|Any CPU
		{FD4817B6-3CD7-4E74-AA10-7CA95FDFCF2D}.Debug|Any CPU.Build.0 = Debug|Any CPU
		{FD4817B6-3CD7-4E74-AA10-7CA95FDFCF2D}.Release|Any CPU.ActiveCfg = Release|Any CPU
		{FD4817B6-3CD7-4E74-AA10-7CA95FDFCF2D}.Release|Any CPU.Build.0 = Release|Any CPU
		{06A5A730-C435-45AB-999C-CDC382445739}.Debug|Any CPU.ActiveCfg = Debug|Any CPU
		{06A5A730-C435-45AB-999C-CDC382445739}.Debug|Any CPU.Build.0 = Debug|Any CPU
		{06A5A730-C435-45AB-999C-CDC382445739}.Release|Any CPU.ActiveCfg = Release|Any CPU
		{06A5A730-C435-45AB-999C-CDC382445739}.Release|Any CPU.Build.0 = Release|Any CPU
		{AC05468B-369F-4D66-AD22-59B22BD16E49}.Debug|Any CPU.ActiveCfg = Debug|Any CPU
		{AC05468B-369F-4D66-AD22-59B22BD16E49}.Debug|Any CPU.Build.0 = Debug|Any CPU
		{AC05468B-369F-4D66-AD22-59B22BD16E49}.Release|Any CPU.ActiveCfg = Release|Any CPU
		{AC05468B-369F-4D66-AD22-59B22BD16E49}.Release|Any CPU.Build.0 = Release|Any CPU
		{49349794-CE5E-468D-BAA1-726D59F21F64}.Debug|Any CPU.ActiveCfg = Debug|Any CPU
		{49349794-CE5E-468D-BAA1-726D59F21F64}.Debug|Any CPU.Build.0 = Debug|Any CPU
		{49349794-CE5E-468D-BAA1-726D59F21F64}.Release|Any CPU.ActiveCfg = Release|Any CPU
		{49349794-CE5E-468D-BAA1-726D59F21F64}.Release|Any CPU.Build.0 = Release|Any CPU
		{D581E3F6-C9AE-4C74-B373-C0B803524DC9}.Debug|Any CPU.ActiveCfg = Debug|Any CPU
		{D581E3F6-C9AE-4C74-B373-C0B803524DC9}.Debug|Any CPU.Build.0 = Debug|Any CPU
		{D581E3F6-C9AE-4C74-B373-C0B803524DC9}.Release|Any CPU.ActiveCfg = Release|Any CPU
		{D581E3F6-C9AE-4C74-B373-C0B803524DC9}.Release|Any CPU.Build.0 = Release|Any CPU
		{004D69E1-868E-4BA7-B3CA-F8D46EF8E0D2}.Debug|Any CPU.ActiveCfg = Debug|Any CPU
		{004D69E1-868E-4BA7-B3CA-F8D46EF8E0D2}.Debug|Any CPU.Build.0 = Debug|Any CPU
		{004D69E1-868E-4BA7-B3CA-F8D46EF8E0D2}.Release|Any CPU.ActiveCfg = Release|Any CPU
		{004D69E1-868E-4BA7-B3CA-F8D46EF8E0D2}.Release|Any CPU.Build.0 = Release|Any CPU
		{6778C7DC-9331-4802-99F2-80EC41D6CE70}.Debug|Any CPU.ActiveCfg = Debug|Any CPU
		{6778C7DC-9331-4802-99F2-80EC41D6CE70}.Debug|Any CPU.Build.0 = Debug|Any CPU
		{6778C7DC-9331-4802-99F2-80EC41D6CE70}.Release|Any CPU.ActiveCfg = Release|Any CPU
		{6778C7DC-9331-4802-99F2-80EC41D6CE70}.Release|Any CPU.Build.0 = Release|Any CPU
		{91162FB0-062D-4C6C-BDD2-6324C54F4382}.Debug|Any CPU.ActiveCfg = Debug|Any CPU
		{91162FB0-062D-4C6C-BDD2-6324C54F4382}.Debug|Any CPU.Build.0 = Debug|Any CPU
		{91162FB0-062D-4C6C-BDD2-6324C54F4382}.Release|Any CPU.ActiveCfg = Release|Any CPU
		{91162FB0-062D-4C6C-BDD2-6324C54F4382}.Release|Any CPU.Build.0 = Release|Any CPU
		{4F976531-326D-4458-8727-F6ACB7CCB9FD}.Debug|Any CPU.ActiveCfg = Debug|Any CPU
		{4F976531-326D-4458-8727-F6ACB7CCB9FD}.Debug|Any CPU.Build.0 = Debug|Any CPU
		{4F976531-326D-4458-8727-F6ACB7CCB9FD}.Release|Any CPU.ActiveCfg = Release|Any CPU
		{4F976531-326D-4458-8727-F6ACB7CCB9FD}.Release|Any CPU.Build.0 = Release|Any CPU
		{69F5FC76-F45F-45EB-AA4A-199435D5453D}.Debug|Any CPU.ActiveCfg = Debug|Any CPU
		{69F5FC76-F45F-45EB-AA4A-199435D5453D}.Debug|Any CPU.Build.0 = Debug|Any CPU
		{69F5FC76-F45F-45EB-AA4A-199435D5453D}.Release|Any CPU.ActiveCfg = Release|Any CPU
		{69F5FC76-F45F-45EB-AA4A-199435D5453D}.Release|Any CPU.Build.0 = Release|Any CPU
		{3D6459DB-218B-46C6-9D19-550E62D87A4D}.Debug|Any CPU.ActiveCfg = Debug|Any CPU
		{3D6459DB-218B-46C6-9D19-550E62D87A4D}.Debug|Any CPU.Build.0 = Debug|Any CPU
		{3D6459DB-218B-46C6-9D19-550E62D87A4D}.Release|Any CPU.ActiveCfg = Release|Any CPU
		{3D6459DB-218B-46C6-9D19-550E62D87A4D}.Release|Any CPU.Build.0 = Release|Any CPU
		{D886832F-7FC3-424E-B85F-7427DA304896}.Debug|Any CPU.ActiveCfg = Debug|Any CPU
		{D886832F-7FC3-424E-B85F-7427DA304896}.Debug|Any CPU.Build.0 = Debug|Any CPU
		{D886832F-7FC3-424E-B85F-7427DA304896}.Release|Any CPU.ActiveCfg = Release|Any CPU
		{D886832F-7FC3-424E-B85F-7427DA304896}.Release|Any CPU.Build.0 = Release|Any CPU
		{8446F2F2-1C84-44A2-BB79-1BF064312CA6}.Debug|Any CPU.ActiveCfg = Debug|Any CPU
		{8446F2F2-1C84-44A2-BB79-1BF064312CA6}.Debug|Any CPU.Build.0 = Debug|Any CPU
		{8446F2F2-1C84-44A2-BB79-1BF064312CA6}.Release|Any CPU.ActiveCfg = Release|Any CPU
		{8446F2F2-1C84-44A2-BB79-1BF064312CA6}.Release|Any CPU.Build.0 = Release|Any CPU
		{C162156D-AA8F-4592-A31E-1D3BC66F050E}.Debug|Any CPU.ActiveCfg = Debug|Any CPU
		{C162156D-AA8F-4592-A31E-1D3BC66F050E}.Debug|Any CPU.Build.0 = Debug|Any CPU
		{C162156D-AA8F-4592-A31E-1D3BC66F050E}.Release|Any CPU.ActiveCfg = Release|Any CPU
		{C162156D-AA8F-4592-A31E-1D3BC66F050E}.Release|Any CPU.Build.0 = Release|Any CPU
		{722E1459-AF6C-41BF-AFCB-7878F33E0CF5}.Debug|Any CPU.ActiveCfg = Debug|Any CPU
		{722E1459-AF6C-41BF-AFCB-7878F33E0CF5}.Debug|Any CPU.Build.0 = Debug|Any CPU
		{722E1459-AF6C-41BF-AFCB-7878F33E0CF5}.Release|Any CPU.ActiveCfg = Release|Any CPU
		{722E1459-AF6C-41BF-AFCB-7878F33E0CF5}.Release|Any CPU.Build.0 = Release|Any CPU
		{73F50D14-C21A-476B-B150-6BFC962F862F}.Debug|Any CPU.ActiveCfg = Debug|Any CPU
		{73F50D14-C21A-476B-B150-6BFC962F862F}.Debug|Any CPU.Build.0 = Debug|Any CPU
		{73F50D14-C21A-476B-B150-6BFC962F862F}.Release|Any CPU.ActiveCfg = Release|Any CPU
		{73F50D14-C21A-476B-B150-6BFC962F862F}.Release|Any CPU.Build.0 = Release|Any CPU
		{ADBC3160-6149-4F73-AAF0-07636E8E83A5}.Debug|Any CPU.ActiveCfg = Debug|Any CPU
		{ADBC3160-6149-4F73-AAF0-07636E8E83A5}.Debug|Any CPU.Build.0 = Debug|Any CPU
		{ADBC3160-6149-4F73-AAF0-07636E8E83A5}.Release|Any CPU.ActiveCfg = Release|Any CPU
		{ADBC3160-6149-4F73-AAF0-07636E8E83A5}.Release|Any CPU.Build.0 = Release|Any CPU
		{DB371EAB-DEAE-4532-9C40-90B6F82F10CE}.Debug|Any CPU.ActiveCfg = Debug|Any CPU
		{DB371EAB-DEAE-4532-9C40-90B6F82F10CE}.Debug|Any CPU.Build.0 = Debug|Any CPU
		{DB371EAB-DEAE-4532-9C40-90B6F82F10CE}.Release|Any CPU.ActiveCfg = Release|Any CPU
		{DB371EAB-DEAE-4532-9C40-90B6F82F10CE}.Release|Any CPU.Build.0 = Release|Any CPU
		{1BD159BE-E582-4B58-A3FE-3CE8298EDC46}.Debug|Any CPU.ActiveCfg = Debug|Any CPU
		{1BD159BE-E582-4B58-A3FE-3CE8298EDC46}.Debug|Any CPU.Build.0 = Debug|Any CPU
		{1BD159BE-E582-4B58-A3FE-3CE8298EDC46}.Release|Any CPU.ActiveCfg = Release|Any CPU
		{1BD159BE-E582-4B58-A3FE-3CE8298EDC46}.Release|Any CPU.Build.0 = Release|Any CPU
		{37F6F284-C220-4E99-BD9E-7985E41FCEBF}.Debug|Any CPU.ActiveCfg = Debug|Any CPU
		{37F6F284-C220-4E99-BD9E-7985E41FCEBF}.Debug|Any CPU.Build.0 = Debug|Any CPU
		{37F6F284-C220-4E99-BD9E-7985E41FCEBF}.Release|Any CPU.ActiveCfg = Release|Any CPU
		{37F6F284-C220-4E99-BD9E-7985E41FCEBF}.Release|Any CPU.Build.0 = Release|Any CPU
		{6E69406A-8767-4085-B5EF-36341D1290A3}.Debug|Any CPU.ActiveCfg = Debug|Any CPU
		{6E69406A-8767-4085-B5EF-36341D1290A3}.Debug|Any CPU.Build.0 = Debug|Any CPU
		{6E69406A-8767-4085-B5EF-36341D1290A3}.Release|Any CPU.ActiveCfg = Release|Any CPU
		{6E69406A-8767-4085-B5EF-36341D1290A3}.Release|Any CPU.Build.0 = Release|Any CPU
		{512D088F-9668-482E-A698-22371B972765}.Debug|Any CPU.ActiveCfg = Debug|Any CPU
		{512D088F-9668-482E-A698-22371B972765}.Debug|Any CPU.Build.0 = Debug|Any CPU
		{512D088F-9668-482E-A698-22371B972765}.Release|Any CPU.ActiveCfg = Release|Any CPU
		{512D088F-9668-482E-A698-22371B972765}.Release|Any CPU.Build.0 = Release|Any CPU
		{E8B40C94-EEB7-4292-A107-7002F20A70EB}.Debug|Any CPU.ActiveCfg = Debug|Any CPU
		{E8B40C94-EEB7-4292-A107-7002F20A70EB}.Debug|Any CPU.Build.0 = Debug|Any CPU
		{E8B40C94-EEB7-4292-A107-7002F20A70EB}.Release|Any CPU.ActiveCfg = Release|Any CPU
		{E8B40C94-EEB7-4292-A107-7002F20A70EB}.Release|Any CPU.Build.0 = Release|Any CPU
	EndGlobalSection
	GlobalSection(SolutionProperties) = preSolution
		HideSolutionNode = FALSE
	EndGlobalSection
	GlobalSection(NestedProjects) = preSolution
		{A2F34930-E314-4ED1-8EC5-4FB932835B08} = {83CC9529-9A6D-46E5-BBE5-A1C5C6C35B7C}
		{49349794-CE5E-468D-BAA1-726D59F21F64} = {83CC9529-9A6D-46E5-BBE5-A1C5C6C35B7C}
		{4F976531-326D-4458-8727-F6ACB7CCB9FD} = {83CC9529-9A6D-46E5-BBE5-A1C5C6C35B7C}
		{D886832F-7FC3-424E-B85F-7427DA304896} = {83CC9529-9A6D-46E5-BBE5-A1C5C6C35B7C}
	EndGlobalSection
	GlobalSection(ExtensibilityGlobals) = postSolution
		SolutionGuid = {44AF4FE0-7386-4FB4-B966-0107DAE25DC4}
	EndGlobalSection
EndGlobal
